# This file is autogenerated, do not edit; changes may be undone by the next 'dep ensure'.


[[projects]]
  branch = "master"
  name = "github.com/ScaleFT/sshkeys"
  packages = ["."]
  revision = "9ceda063776936be34c8ab745623a1483ac7b35c"

[[projects]]
  name = "github.com/aws/aws-sdk-go"
  packages = ["aws","aws/awserr","aws/awsutil","aws/client","aws/client/metadata","aws/corehandlers","aws/credentials","aws/credentials/ec2rolecreds","aws/credentials/endpointcreds","aws/credentials/stscreds","aws/defaults","aws/ec2metadata","aws/endpoints","aws/request","aws/session","aws/signer/v4","internal/sdkio","internal/sdkrand","internal/shareddefaults","private/protocol","private/protocol/ec2query","private/protocol/json/jsonutil","private/protocol/jsonrpc","private/protocol/query","private/protocol/query/queryutil","private/protocol/rest","private/protocol/xml/xmlutil","service/ec2","service/ecs","service/sts"]
  revision = "7f68df2a5baf19398d17def23a514a6e617e5937"
  version = "v1.13.28"

[[projects]]
  name = "github.com/daviddengcn/go-colortext"
  packages = ["."]
  revision = "17e75f6184bc9e727756cd0d82e0af58b1fc7191"
  version = "1.0.0"

[[projects]]
  branch = "master"
  name = "github.com/dchest/bcrypt_pbkdf"
  packages = ["."]
  revision = "83f37f9c154a678179d11e218bff73ebe5717f99"

[[projects]]
  name = "github.com/dixonwille/wmenu"
  packages = ["."]
  revision = "8ae99891e0b971e497e4a591cf53974f0906a949"
  version = "v4.0.2"

[[projects]]
  name = "github.com/go-ini/ini"
  packages = ["."]
  revision = "5e9692864e22d02ac79e2fa499cffb00520b4fea"
  version = "v1.34.0"

[[projects]]
  name = "github.com/jmespath/go-jmespath"
  packages = ["."]
  revision = "0b12d6b5"

[[projects]]
  name = "github.com/mattn/go-isatty"
  packages = ["."]
  revision = "0360b2af4f38e8d38c7fce2a9f4e702702d73a39"
  version = "v0.0.3"

[[projects]]
  branch = "master"
  name = "github.com/shiena/ansicolor"
  packages = ["."]
  revision = "a422bbe96644373c5753384a59d678f7d261ff10"

[[projects]]
  name = "github.com/urfave/cli"
  packages = ["."]
  revision = "cfb38830724cc34fedffe9a2a29fb54fa9169cd1"
  version = "v1.20.0"

[[projects]]
  branch = "master"
  name = "golang.org/x/crypto"
  packages = ["blowfish","curve25519","ed25519","ed25519/internal/edwards25519","internal/chacha20","poly1305","ssh"]
  revision = "b2aa35443fbc700ab74c586ae79b81c171851023"

[[projects]]
  branch = "master"
  name = "golang.org/x/sys"
  packages = ["unix"]
  revision = "1d206c9fa8975fb4cf00df1dc8bf3283dc24ba0e"

[[projects]]
  name = "gopkg.in/dixonwille/wlog.v2"
  packages = ["."]
  revision = "76a8811f69dff5d130c6b5f0342451b0beb52f37"
  version = "v2.0.0"

[solve-meta]
  analyzer-name = "dep"
  analyzer-version = 1
  inputs-digest = "c0c5a5bb9a546243c6e1c510a00d7be9c1ad90a4137b4655da5761d627f23d2d"
  solver-name = "gps-cdcl"
  solver-version = 1
